// !$*UTF8*$!
{
	archiveVersion = 1;
	classes = {
	};
	objectVersion = 56;
	objects = {

/* Begin PBXBuildFile section */
		B10000000000000000000001 /* AppDelegate.swift in Sources */ = {isa = PBXBuildFile; fileRef = B20000000000000000000001 /* AppDelegate.swift */; };
		B10000000000000000000002 /* TextInjector.swift in Sources */ = {isa = PBXBuildFile; fileRef = B20000000000000000000002 /* TextInjector.swift */; };
		B10000000000000000000003 /* InjectionStateMachine.swift in Sources */ = {isa = PBXBuildFile; fileRef = B20000000000000000000003 /* InjectionStateMachine.swift */; };
		B10000000000000000000004 /* MockInjectionTest.swift in Sources */ = {isa = PBXBuildFile; fileRef = B20000000000000000000004 /* MockInjectionTest.swift */; };
		B10000000000000000000005 /* AppLogger.swift in Sources */ = {isa = PBXBuildFile; fileRef = B20000000000000000000005 /* AppLogger.swift */; };
		B10000000000000000000006 /* ProjectPaths.swift in Sources */ = {isa = PBXBuildFile; fileRef = B20000000000000000000009 /* ProjectPaths.swift */; };
		B10000000000000000000007 /* DaemonClient.swift in Sources */ = {isa = PBXBuildFile; fileRef = B2000000000000000000000A /* DaemonClient.swift */; };
		B10000000000000000000008 /* DaemonManager.swift in Sources */ = {isa = PBXBuildFile; fileRef = B2000000000000000000000B /* DaemonManager.swift */; };
		B10000000000000000000009 /* LiveDictationController.swift in Sources */ = {isa = PBXBuildFile; fileRef = B2000000000000000000000C /* LiveDictationController.swift */; };
/* End PBXBuildFile section */

/* Begin PBXFileReference section */
		B20000000000000000000001 /* AppDelegate.swift */ = {isa = PBXFileReference; lastKnownFileType = sourcecode.swift; path = AppDelegate.swift; sourceTree = "<group>"; };
		B20000000000000000000002 /* TextInjector.swift */ = {isa = PBXFileReference; lastKnownFileType = sourcecode.swift; path = TextInjector.swift; sourceTree = "<group>"; };
		B20000000000000000000003 /* InjectionStateMachine.swift */ = {isa = PBXFileReference; lastKnownFileType = sourcecode.swift; path = InjectionStateMachine.swift; sourceTree = "<group>"; };
		B20000000000000000000004 /* MockInjectionTest.swift */ = {isa = PBXFileReference; lastKnownFileType = sourcecode.swift; path = MockInjectionTest.swift; sourceTree = "<group>"; };
		B20000000000000000000005 /* AppLogger.swift */ = {isa = PBXFileReference; lastKnownFileType = sourcecode.swift; path = AppLogger.swift; sourceTree = "<group>"; };
		B20000000000000000000009 /* ProjectPaths.swift */ = {isa = PBXFileReference; lastKnownFileType = sourcecode.swift; path = ProjectPaths.swift; sourceTree = "<group>"; };
		B2000000000000000000000A /* DaemonClient.swift */ = {isa = PBXFileReference; lastKnownFileType = sourcecode.swift; path = DaemonClient.swift; sourceTree = "<group>"; };
		B2000000000000000000000B /* DaemonManager.swift */ = {isa = PBXFileReference; lastKnownFileType = sourcecode.swift; path = DaemonManager.swift; sourceTree = "<group>"; };
		B2000000000000000000000C /* LiveDictationController.swift */ = {isa = PBXFileReference; lastKnownFileType = sourcecode.swift; path = LiveDictationController.swift; sourceTree = "<group>"; };
		B20000000000000000000006 /* Info.plist */ = {isa = PBXFileReference; lastKnownFileType = text.plist.xml; path = Info.plist; sourceTree = "<group>"; };
		B20000000000000000000007 /* macosAsrApp.entitlements */ = {isa = PBXFileReference; lastKnownFileType = text.plist.entitlements; path = macosAsrApp.entitlements; sourceTree = "<group>"; };
		B20000000000000000000008 /* macosAsrApp.app */ = {isa = PBXFileReference; explicitFileType = wrapper.application; includeInIndex = 0; path = macosAsrApp.app; sourceTree = BUILT_PRODUCTS_DIR; };
/* End PBXFileReference section */

/* Begin PBXFrameworksBuildPhase section */
		B30000000000000000000001 /* Frameworks */ = {
			isa = PBXFrameworksBuildPhase;
			buildActionMask = 2147483647;
			files = (
			);
			runOnlyForDeploymentPostprocessing = 0;
		};
/* End PBXFrameworksBuildPhase section */

/* Begin PBXGroup section */
		B40000000000000000000001 = {
			isa = PBXGroup;
			children = (
				B40000000000000000000002 /* macosAsrApp */,
				B40000000000000000000003 /* Products */,
			);
			sourceTree = "<group>";
		};
		B40000000000000000000002 /* macosAsrApp */ = {
			isa = PBXGroup;
			children = (
				B20000000000000000000001 /* AppDelegate.swift */,
				B20000000000000000000002 /* TextInjector.swift */,
				B20000000000000000000003 /* InjectionStateMachine.swift */,
				B20000000000000000000004 /* MockInjectionTest.swift */,
				B20000000000000000000005 /* AppLogger.swift */,
				B20000000000000000000009 /* ProjectPaths.swift */,
				B2000000000000000000000A /* DaemonClient.swift */,
				B2000000000000000000000B /* DaemonManager.swift */,
				B2000000000000000000000C /* LiveDictationController.swift */,
				B20000000000000000000006 /* Info.plist */,
				B20000000000000000000007 /* macosAsrApp.entitlements */,
			);
			path = macosAsrApp;
			sourceTree = "<group>";
		};
		B40000000000000000000003 /* Products */ = {
			isa = PBXGroup;
			children = (
				B20000000000000000000008 /* macosAsrApp.app */,
			);
			name = Products;
			sourceTree = "<group>";
		};
/* End PBXGroup section */

/* Begin PBXNativeTarget section */
		B50000000000000000000001 /* macosAsrApp */ = {
			isa = PBXNativeTarget;
			buildConfigurationList = B70000000000000000000002 /* Build configuration list for PBXNativeTarget "macosAsrApp" */;
			buildPhases = (
				B60000000000000000000001 /* Sources */,
				B30000000000000000000001 /* Frameworks */,
			);
			buildRules = (
			);
			dependencies = (
			);
			name = macosAsrApp;
			productName = macosAsrApp;
			productReference = B20000000000000000000008 /* macosAsrApp.app */;
			productType = "com.apple.product-type.application";
		};
/* End PBXNativeTarget section */

/* Begin PBXProject section */
		B80000000000000000000001 /* Project object */ = {
			isa = PBXProject;
			attributes = {
				BuildIndependentTargetsInParallel = 1;
				LastSwiftUpdateCheck = 1600;
				LastUpgradeCheck = 1600;
			};
			buildConfigurationList = B70000000000000000000001 /* Build configuration list for PBXProject "macosAsrApp" */;
			compatibilityVersion = "Xcode 16.0";
			developmentRegion = en;
			hasScannedForEncodings = 0;
			knownRegions = (
				en,
				Base,
				"zh-Hans",
			);
			mainGroup = B40000000000000000000001;
			productRefGroup = B40000000000000000000003 /* Products */;
			projectDirPath = "";
			projectRoot = "";
			targets = (
				B50000000000000000000001 /* macosAsrApp */,
			);
		};
/* End PBXProject section */

/* Begin PBXSourcesBuildPhase section */
		B60000000000000000000001 /* Sources */ = {
			isa = PBXSourcesBuildPhase;
			buildActionMask = 2147483647;
			files = (
				B10000000000000000000001 /* AppDelegate.swift in Sources */,
				B10000000000000000000002 /* TextInjector.swift in Sources */,
				B10000000000000000000003 /* InjectionStateMachine.swift in Sources */,
				B10000000000000000000004 /* MockInjectionTest.swift in Sources */,
				B10000000000000000000005 /* AppLogger.swift in Sources */,
				B10000000000000000000006 /* ProjectPaths.swift in Sources */,
				B10000000000000000000007 /* DaemonClient.swift in Sources */,
				B10000000000000000000008 /* DaemonManager.swift in Sources */,
				B10000000000000000000009 /* LiveDictationController.swift in Sources */,
			);
			runOnlyForDeploymentPostprocessing = 0;
		};
/* End PBXSourcesBuildPhase section */

/* Begin XCBuildConfiguration section */
		B90000000000000000000001 /* Debug */ = {
			isa = XCBuildConfiguration;
			buildSettings = {
				ALWAYS_SEARCH_USER_PATHS = NO;
				CLANG_ENABLE_OBJC_ARC = YES;
				COPY_PHASE_STRIP = NO;
				DEBUG_INFORMATION_FORMAT = dwarf;
				GCC_DYNAMIC_NO_PIC = NO;
				GCC_OPTIMIZATION_LEVEL = 0;
				MACOSX_DEPLOYMENT_TARGET = 15.0;
				ONLY_ACTIVE_ARCH = YES;
				SDKROOT = macosx;
				SWIFT_ACTIVE_COMPILATION_CONDITIONS = DEBUG;
				SWIFT_OPTIMIZATION_LEVEL = "-Onone";
			};
			name = Debug;
		};
		B90000000000000000000002 /* Release */ = {
			isa = XCBuildConfiguration;
			buildSettings = {
				ALWAYS_SEARCH_USER_PATHS = NO;
				CLANG_ENABLE_OBJC_ARC = YES;
				COPY_PHASE_STRIP = NO;
				DEBUG_INFORMATION_FORMAT = "dwarf-with-dsym";
				MACOSX_DEPLOYMENT_TARGET = 15.0;
				SDKROOT = macosx;
				SWIFT_COMPILATION_MODE = wholemodule;
			};
			name = Release;
		};
		B90000000000000000000003 /* Debug */ = {
			isa = XCBuildConfiguration;
			buildSettings = {
				CODE_SIGN_ENTITLEMENTS = macosAsrApp/macosAsrApp.entitlements;
				CODE_SIGN_STYLE = Automatic;
				CURRENT_PROJECT_VERSION = 1;
				DEVELOPMENT_TEAM = "";
				GENERATE_INFOPLIST_FILE = NO;
				INFOPLIST_FILE = macosAsrApp/Info.plist;
				LD_RUNPATH_SEARCH_PATHS = (
					"$(inherited)",
					"@executable_path/../Frameworks",
				);
				MACOSX_DEPLOYMENT_TARGET = 15.0;
				MARKETING_VERSION = 0.1.0;
				PRODUCT_BUNDLE_IDENTIFIER = com.macosasr.app;
				PRODUCT_NAME = "$(TARGET_NAME)";
				SWIFT_VERSION = 5.0;
			};
			name = Debug;
		};
		B90000000000000000000004 /* Release */ = {
			isa = XCBuildConfiguration;
			buildSettings = {
				CODE_SIGN_ENTITLEMENTS = macosAsrApp/macosAsrApp.entitlements;
				CODE_SIGN_STYLE = Automatic;
				CURRENT_PROJECT_VERSION = 1;
				DEVELOPMENT_TEAM = "";
				GENERATE_INFOPLIST_FILE = NO;
				INFOPLIST_FILE = macosAsrApp/Info.plist;
				LD_RUNPATH_SEARCH_PATHS = (
					"$(inherited)",
					"@executable_path/../Frameworks",
				);
				MACOSX_DEPLOYMENT_TARGET = 15.0;
				MARKETING_VERSION = 0.1.0;
				PRODUCT_BUNDLE_IDENTIFIER = com.macosasr.app;
				PRODUCT_NAME = "$(TARGET_NAME)";
				SWIFT_VERSION = 5.0;
			};
			name = Release;
		};
/* End XCBuildConfiguration section */

/* Begin XCConfigurationList section */
		B70000000000000000000001 /* Build configuration list for PBXProject "macosAsrApp" */ = {
			isa = XCConfigurationList;
			buildConfigurations = (
				B90000000000000000000001 /* Debug */,
				B90000000000000000000002 /* Release */,
			);
			defaultConfigurationIsVisible = 0;
			defaultConfigurationName = Release;
		};
		B70000000000000000000002 /* Build configuration list for PBXNativeTarget "macosAsrApp" */ = {
			isa = XCConfigurationList;
			buildConfigurations = (
				B90000000000000000000003 /* Debug */,
				B90000000000000000000004 /* Release */,
			);
			defaultConfigurationIsVisible = 0;
			defaultConfigurationName = Release;
		};
/* End XCConfigurationList section */
	};
	rootObject = B80000000000000000000001 /* Project object */;
}
